
Microsoft Visual Studio Solution File, Format Version 12.00
# Visual Studio Version 17
VisualStudioVersion = 17.3.32922.545
MinimumVisualStudioVersion = 10.0.40219.1
Project("{8BC9CEB8-8B4A-11D0-8D11-00A0C91BC942}") = "AI_Lab6", "AI_Lab6.vcxproj", "{10EBF4D1-7E96-46C6-AD35-0BE0BF99C939}"
EndProject
Global
	GlobalSection(SolutionConfigurationPlatforms) = preSolution
		Debug|x64 = Debug|x64
		Debug|x86 = Debug|x86
		Release|x64 = Release|x64
		Release|x86 = Release|x86
	EndGlobalSection
	GlobalSection(ProjectConfigurationPlatforms) = postSolution
		{10EBF4D1-7E96-46C6-AD35-0BE0BF99C939}.Debug|x64.ActiveCfg = Debug|x64
		{10EBF4D1-7E96-46C6-AD35-0BE0BF99C939}.Debug|x64.Build.0 = Debug|x64
		{10EBF4D1-7E96-46C6-AD35-0BE0BF99C939}.Debug|x86.ActiveCfg = Debug|Win32
		{10EBF4D1-7E96-46C6-AD35-0BE0BF99C939}.Debug|x86.Build.0 = Debug|Win32
		{10EBF4D1-7E96-46C6-AD35-0BE0BF99C939}.Release|x64.ActiveCfg = Release|x64
		{10EBF4D1-7E96-46C6-AD35-0BE0BF99C939}.Release|x64.Build.0 = Release|x64
		{10EBF4D1-7E96-46C6-AD35-0BE0BF99C939}.Release|x86.ActiveCfg = Release|Win32
		{10EBF4D1-7E96-46C6-AD35-0BE0BF99C939}.Release|x86.Build.0 = Release|Win32
	EndGlobalSection
	GlobalSection(SolutionProperties) = preSolution
		HideSolutionNode = FALSE
	EndGlobalSection
	GlobalSection(ExtensibilityGlobals) = postSolution
		SolutionGuid = {A4515179-EA2C-450B-BF1B-ABD4E7BDA699}
	EndGlobalSection
EndGlobal
